
Microsoft Visual Studio Solution File, Format Version 12.00
# Visual Studio Version 17
VisualStudioVersion = 17.14.36414.22
MinimumVisualStudioVersion = 10.0.40219.1
Project("{2150E333-8FDC-42A3-9474-1A3956D46DE8}") = "APIGateway", "APIGateway", "{02EA681E-C7D8-13C7-8484-4AC65E1B71E8}"
EndProject
Project("{2150E333-8FDC-42A3-9474-1A3956D46DE8}") = "API", "API", "{E952C2EE-3958-48E3-9CFB-2BF4B14E757D}"
EndProject
Project("{FAE04EC0-301F-11D3-BF4B-00C04F79EFBC}") = "GCR.API.FoodItemsAPI", "GCR.API.FoodItemsAPI\GCR.API.FoodItemsAPI.csproj", "{221BFF6A-2392-4E9B-8C12-92E8B6756BB4}"
EndProject
Project("{FAE04EC0-301F-11D3-BF4B-00C04F79EFBC}") = "GCR.API.OrderAPI", "GCR.API.OrderAPI\GCR.API.OrderAPI.csproj", "{088C46F2-D375-4235-AD77-0F4F0F8EEEDC}"
EndProject
Project("{FAE04EC0-301F-11D3-BF4B-00C04F79EFBC}") = "GCR.API.CustomerAPI", "GCR.API.CustomerAPI\GCR.API.CustomerAPI.csproj", "{73DD057E-C0A2-42A7-827B-4A442CF875C5}"
EndProject
Project("{FAE04EC0-301F-11D3-BF4B-00C04F79EFBC}") = "GCR.API.CouponAPI", "GCR.API.CouponAPI\GCR.API.CouponAPI.csproj", "{22BA62F5-F2E6-4818-A1BB-990D8137D37C}"
EndProject
Project("{FAE04EC0-301F-11D3-BF4B-00C04F79EFBC}") = "GCR.APIGateway", "GCR.APIGateway\GCR.APIGateway.csproj", "{7A30D6CA-75D1-4DCA-BD79-34BEADF8A702}"
EndProject
Global
	GlobalSection(SolutionConfigurationPlatforms) = preSolution
		Debug|Any CPU = Debug|Any CPU
		Release|Any CPU = Release|Any CPU
	EndGlobalSection
	GlobalSection(ProjectConfigurationPlatforms) = postSolution
		{221BFF6A-2392-4E9B-8C12-92E8B6756BB4}.Debug|Any CPU.ActiveCfg = Debug|Any CPU
		{221BFF6A-2392-4E9B-8C12-92E8B6756BB4}.Debug|Any CPU.Build.0 = Debug|Any CPU
		{221BFF6A-2392-4E9B-8C12-92E8B6756BB4}.Release|Any CPU.ActiveCfg = Release|Any CPU
		{221BFF6A-2392-4E9B-8C12-92E8B6756BB4}.Release|Any CPU.Build.0 = Release|Any CPU
		{088C46F2-D375-4235-AD77-0F4F0F8EEEDC}.Debug|Any CPU.ActiveCfg = Debug|Any CPU
		{088C46F2-D375-4235-AD77-0F4F0F8EEEDC}.Debug|Any CPU.Build.0 = Debug|Any CPU
		{088C46F2-D375-4235-AD77-0F4F0F8EEEDC}.Release|Any CPU.ActiveCfg = Release|Any CPU
		{088C46F2-D375-4235-AD77-0F4F0F8EEEDC}.Release|Any CPU.Build.0 = Release|Any CPU
		{73DD057E-C0A2-42A7-827B-4A442CF875C5}.Debug|Any CPU.ActiveCfg = Debug|Any CPU
		{73DD057E-C0A2-42A7-827B-4A442CF875C5}.Debug|Any CPU.Build.0 = Debug|Any CPU
		{73DD057E-C0A2-42A7-827B-4A442CF875C5}.Release|Any CPU.ActiveCfg = Release|Any CPU
		{73DD057E-C0A2-42A7-827B-4A442CF875C5}.Release|Any CPU.Build.0 = Release|Any CPU
		{22BA62F5-F2E6-4818-A1BB-990D8137D37C}.Debug|Any CPU.ActiveCfg = Debug|Any CPU
		{22BA62F5-F2E6-4818-A1BB-990D8137D37C}.Debug|Any CPU.Build.0 = Debug|Any CPU
		{22BA62F5-F2E6-4818-A1BB-990D8137D37C}.Release|Any CPU.ActiveCfg = Release|Any CPU
		{22BA62F5-F2E6-4818-A1BB-990D8137D37C}.Release|Any CPU.Build.0 = Release|Any CPU
		{7A30D6CA-75D1-4DCA-BD79-34BEADF8A702}.Debug|Any CPU.ActiveCfg = Debug|Any CPU
		{7A30D6CA-75D1-4DCA-BD79-34BEADF8A702}.Debug|Any CPU.Build.0 = Debug|Any CPU
		{7A30D6CA-75D1-4DCA-BD79-34BEADF8A702}.Release|Any CPU.ActiveCfg = Release|Any CPU
		{7A30D6CA-75D1-4DCA-BD79-34BEADF8A702}.Release|Any CPU.Build.0 = Release|Any CPU
	EndGlobalSection
	GlobalSection(SolutionProperties) = preSolution
		HideSolutionNode = FALSE
	EndGlobalSection
	GlobalSection(NestedProjects) = preSolution
		{221BFF6A-2392-4E9B-8C12-92E8B6756BB4} = {E952C2EE-3958-48E3-9CFB-2BF4B14E757D}
		{088C46F2-D375-4235-AD77-0F4F0F8EEEDC} = {E952C2EE-3958-48E3-9CFB-2BF4B14E757D}
		{73DD057E-C0A2-42A7-827B-4A442CF875C5} = {E952C2EE-3958-48E3-9CFB-2BF4B14E757D}
		{22BA62F5-F2E6-4818-A1BB-990D8137D37C} = {E952C2EE-3958-48E3-9CFB-2BF4B14E757D}
		{7A30D6CA-75D1-4DCA-BD79-34BEADF8A702} = {02EA681E-C7D8-13C7-8484-4AC65E1B71E8}
	EndGlobalSection
	GlobalSection(ExtensibilityGlobals) = postSolution
		SolutionGuid = {3D023B08-BACA-4684-8E06-33149F3C39C3}
	EndGlobalSection
EndGlobal
